PODS:
  - IQKeyboardManagerSwift (6.4.0)

DEPENDENCIES:
  - IQKeyboardManagerSwift

SPEC REPOS:
  https://github.com/cocoapods/specs.git:
    - IQKeyboardManagerSwift

SPEC CHECKSUMS:
  IQKeyboardManagerSwift: ed9b04ee0e3067ffba543283462d619f944b05e5

PODFILE CHECKSUM: 08938437ddf40645a14100aae700f6bf9e985277

COCOAPODS: 1.5.3
