PODS:
  - IQDropDownTextField (1.1.1)
  - IQKeyboardManagerSwift (6.4.0)

DEPENDENCIES:
  - IQDropDownTextField
  - IQKeyboardManagerSwift

SPEC REPOS:
  https://github.com/cocoapods/specs.git:
    - IQDropDownTextField
    - IQKeyboardManagerSwift

SPEC CHECKSUMS:
  IQDropDownTextField: 3d2e5728a2b83ff5dbb14cb9b497a80005124cbe
  IQKeyboardManagerSwift: ed9b04ee0e3067ffba543283462d619f944b05e5

PODFILE CHECKSUM: 549acd53b22a5929c088ec62c88526611c944461

COCOAPODS: 1.5.3
